
Microsoft Visual Studio Solution File, Format Version 12.00
# Visual Studio Version 16
VisualStudioVersion = 16.0.31005.135
MinimumVisualStudioVersion = 10.0.40219.1
Project("{FAE04EC0-301F-11D3-BF4B-00C04F79EFBC}") = "AppExpertWeatherApp", "AppExpertWeatherApp\AppExpertWeatherApp.csproj", "{0813C77E-C629-407A-8345-3FAFDA4AEC15}"
EndProject
Project("{FAE04EC0-301F-11D3-BF4B-00C04F79EFBC}") = "Service", "ServiceLayer\Service.csproj", "{FEE3C557-9782-461D-B6B8-6744A15961EC}"
EndProject
Global
	GlobalSection(SolutionConfigurationPlatforms) = preSolution
		Debug|Any CPU = Debug|Any CPU
		Release|Any CPU = Release|Any CPU
	EndGlobalSection
	GlobalSection(ProjectConfigurationPlatforms) = postSolution
		{0813C77E-C629-407A-8345-3FAFDA4AEC15}.Debug|Any CPU.ActiveCfg = Debug|Any CPU
		{0813C77E-C629-407A-8345-3FAFDA4AEC15}.Debug|Any CPU.Build.0 = Debug|Any CPU
		{0813C77E-C629-407A-8345-3FAFDA4AEC15}.Release|Any CPU.ActiveCfg = Release|Any CPU
		{0813C77E-C629-407A-8345-3FAFDA4AEC15}.Release|Any CPU.Build.0 = Release|Any CPU
		{FEE3C557-9782-461D-B6B8-6744A15961EC}.Debug|Any CPU.ActiveCfg = Debug|Any CPU
		{FEE3C557-9782-461D-B6B8-6744A15961EC}.Debug|Any CPU.Build.0 = Debug|Any CPU
		{FEE3C557-9782-461D-B6B8-6744A15961EC}.Release|Any CPU.ActiveCfg = Release|Any CPU
		{FEE3C557-9782-461D-B6B8-6744A15961EC}.Release|Any CPU.Build.0 = Release|Any CPU
	EndGlobalSection
	GlobalSection(SolutionProperties) = preSolution
		HideSolutionNode = FALSE
	EndGlobalSection
	GlobalSection(ExtensibilityGlobals) = postSolution
		SolutionGuid = {9CDD0985-FDBD-4736-8EAF-79EA098949BB}
	EndGlobalSection
EndGlobal
